
Microsoft Visual Studio Solution File, Format Version 12.00
# Visual Studio Version 16
VisualStudioVersion = 16.0.30621.155
MinimumVisualStudioVersion = 10.0.40219.1
Project("{FAE04EC0-301F-11D3-BF4B-00C04F79EFBC}") = "upadte", "upadte\upadte.csproj", "{C68B46A8-2A44-4296-8EBB-CE49FAE47EE2}"
EndProject
Global
	GlobalSection(SolutionConfigurationPlatforms) = preSolution
		Debug|Any CPU = Debug|Any CPU
		Release|Any CPU = Release|Any CPU
	EndGlobalSection
	GlobalSection(ProjectConfigurationPlatforms) = postSolution
		{C68B46A8-2A44-4296-8EBB-CE49FAE47EE2}.Debug|Any CPU.ActiveCfg = Debug|Any CPU
		{C68B46A8-2A44-4296-8EBB-CE49FAE47EE2}.Debug|Any CPU.Build.0 = Debug|Any CPU
		{C68B46A8-2A44-4296-8EBB-CE49FAE47EE2}.Release|Any CPU.ActiveCfg = Release|Any CPU
		{C68B46A8-2A44-4296-8EBB-CE49FAE47EE2}.Release|Any CPU.Build.0 = Release|Any CPU
	EndGlobalSection
	GlobalSection(SolutionProperties) = preSolution
		HideSolutionNode = FALSE
	EndGlobalSection
	GlobalSection(ExtensibilityGlobals) = postSolution
		SolutionGuid = {B9085FD2-F66D-4A68-95DB-29D304336EC9}
	EndGlobalSection
EndGlobal
